// !$*UTF8*$!
{
	archiveVersion = 1;
	classes = {
	};
	objectVersion = 56;
	objects = {

/* Begin PBXBuildFile section */
		9C9851152A3F011900404469 /* AppDelegate.swift in Sources */ = {isa = PBXBuildFile; fileRef = 9C9851142A3F011900404469 /* AppDelegate.swift */; };
		9C9851172A3F011900404469 /* SceneDelegate.swift in Sources */ = {isa = PBXBuildFile; fileRef = 9C9851162A3F011900404469 /* SceneDelegate.swift */; };
		9C9851192A3F011900404469 /* ViewController.swift in Sources */ = {isa = PBXBuildFile; fileRef = 9C9851182A3F011900404469 /* ViewController.swift */; };
		9C98511C2A3F011900404469 /* Main.storyboard in Resources */ = {isa = PBXBuildFile; fileRef = 9C98511A2A3F011900404469 /* Main.storyboard */; };
		9C98511E2A3F011A00404469 /* Assets.xcassets in Resources */ = {isa = PBXBuildFile; fileRef = 9C98511D2A3F011A00404469 /* Assets.xcassets */; };
		9C9851212A3F011A00404469 /* LaunchScreen.storyboard in Resources */ = {isa = PBXBuildFile; fileRef = 9C98511F2A3F011A00404469 /* LaunchScreen.storyboard */; };
		9C98512C2A3F011B00404469 /* GitHUB_2Tests.swift in Sources */ = {isa = PBXBuildFile; fileRef = 9C98512B2A3F011B00404469 /* GitHUB_2Tests.swift */; };
		9C9851362A3F011B00404469 /* GitHUB_2UITests.swift in Sources */ = {isa = PBXBuildFile; fileRef = 9C9851352A3F011B00404469 /* GitHUB_2UITests.swift */; };
		9C9851382A3F011B00404469 /* GitHUB_2UITestsLaunchTests.swift in Sources */ = {isa = PBXBuildFile; fileRef = 9C9851372A3F011B00404469 /* GitHUB_2UITestsLaunchTests.swift */; };
/* End PBXBuildFile section */

/* Begin PBXContainerItemProxy section */
		9C9851282A3F011B00404469 /* PBXContainerItemProxy */ = {
			isa = PBXContainerItemProxy;
			containerPortal = 9C9851092A3F011900404469 /* Project object */;
			proxyType = 1;
			remoteGlobalIDString = 9C9851102A3F011900404469;
			remoteInfo = "GitHUB 2";
		};
		9C9851322A3F011B00404469 /* PBXContainerItemProxy */ = {
			isa = PBXContainerItemProxy;
			containerPortal = 9C9851092A3F011900404469 /* Project object */;
			proxyType = 1;
			remoteGlobalIDString = 9C9851102A3F011900404469;
			remoteInfo = "GitHUB 2";
		};
/* End PBXContainerItemProxy section */

/* Begin PBXFileReference section */
		9C9851112A3F011900404469 /* GitHUB 2.app */ = {isa = PBXFileReference; explicitFileType = wrapper.application; includeInIndex = 0; path = "GitHUB 2.app"; sourceTree = BUILT_PRODUCTS_DIR; };
		9C9851142A3F011900404469 /* AppDelegate.swift */ = {isa = PBXFileReference; lastKnownFileType = sourcecode.swift; path = AppDelegate.swift; sourceTree = "<group>"; };
		9C9851162A3F011900404469 /* SceneDelegate.swift */ = {isa = PBXFileReference; lastKnownFileType = sourcecode.swift; path = SceneDelegate.swift; sourceTree = "<group>"; };
		9C9851182A3F011900404469 /* ViewController.swift */ = {isa = PBXFileReference; lastKnownFileType = sourcecode.swift; path = ViewController.swift; sourceTree = "<group>"; };
		9C98511B2A3F011900404469 /* Base */ = {isa = PBXFileReference; lastKnownFileType = file.storyboard; name = Base; path = Base.lproj/Main.storyboard; sourceTree = "<group>"; };
		9C98511D2A3F011A00404469 /* Assets.xcassets */ = {isa = PBXFileReference; lastKnownFileType = folder.assetcatalog; path = Assets.xcassets; sourceTree = "<group>"; };
		9C9851202A3F011A00404469 /* Base */ = {isa = PBXFileReference; lastKnownFileType = file.storyboard; name = Base; path = Base.lproj/LaunchScreen.storyboard; sourceTree = "<group>"; };
		9C9851222A3F011A00404469 /* Info.plist */ = {isa = PBXFileReference; lastKnownFileType = text.plist.xml; path = Info.plist; sourceTree = "<group>"; };
		9C9851272A3F011B00404469 /* GitHUB 2Tests.xctest */ = {isa = PBXFileReference; explicitFileType = wrapper.cfbundle; includeInIndex = 0; path = "GitHUB 2Tests.xctest"; sourceTree = BUILT_PRODUCTS_DIR; };
		9C98512B2A3F011B00404469 /* GitHUB_2Tests.swift */ = {isa = PBXFileReference; lastKnownFileType = sourcecode.swift; path = GitHUB_2Tests.swift; sourceTree = "<group>"; };
		9C9851312A3F011B00404469 /* GitHUB 2UITests.xctest */ = {isa = PBXFileReference; explicitFileType = wrapper.cfbundle; includeInIndex = 0; path = "GitHUB 2UITests.xctest"; sourceTree = BUILT_PRODUCTS_DIR; };
		9C9851352A3F011B00404469 /* GitHUB_2UITests.swift */ = {isa = PBXFileReference; lastKnownFileType = sourcecode.swift; path = GitHUB_2UITests.swift; sourceTree = "<group>"; };
		9C9851372A3F011B00404469 /* GitHUB_2UITestsLaunchTests.swift */ = {isa = PBXFileReference; lastKnownFileType = sourcecode.swift; path = GitHUB_2UITestsLaunchTests.swift; sourceTree = "<group>"; };
/* End PBXFileReference section */

/* Begin PBXFrameworksBuildPhase section */
		9C98510E2A3F011900404469 /* Frameworks */ = {
			isa = PBXFrameworksBuildPhase;
			buildActionMask = 2147483647;
			files = (
			);
			runOnlyForDeploymentPostprocessing = 0;
		};
		9C9851242A3F011B00404469 /* Frameworks */ = {
			isa = PBXFrameworksBuildPhase;
			buildActionMask = 2147483647;
			files = (
			);
			runOnlyForDeploymentPostprocessing = 0;
		};
		9C98512E2A3F011B00404469 /* Frameworks */ = {
			isa = PBXFrameworksBuildPhase;
			buildActionMask = 2147483647;
			files = (
			);
			runOnlyForDeploymentPostprocessing = 0;
		};
/* End PBXFrameworksBuildPhase section */

/* Begin PBXGroup section */
		9C9851082A3F011900404469 = {
			isa = PBXGroup;
			children = (
				9C9851132A3F011900404469 /* GitHUB 2 */,
				9C98512A2A3F011B00404469 /* GitHUB 2Tests */,
				9C9851342A3F011B00404469 /* GitHUB 2UITests */,
				9C9851122A3F011900404469 /* Products */,
			);
			sourceTree = "<group>";
		};
		9C9851122A3F011900404469 /* Products */ = {
			isa = PBXGroup;
			children = (
				9C9851112A3F011900404469 /* GitHUB 2.app */,
				9C9851272A3F011B00404469 /* GitHUB 2Tests.xctest */,
				9C9851312A3F011B00404469 /* GitHUB 2UITests.xctest */,
			);
			name = Products;
			sourceTree = "<group>";
		};
		9C9851132A3F011900404469 /* GitHUB 2 */ = {
			isa = PBXGroup;
			children = (
				9C9851142A3F011900404469 /* AppDelegate.swift */,
				9C9851162A3F011900404469 /* SceneDelegate.swift */,
				9C9851182A3F011900404469 /* ViewController.swift */,
				9C98511A2A3F011900404469 /* Main.storyboard */,
				9C98511D2A3F011A00404469 /* Assets.xcassets */,
				9C98511F2A3F011A00404469 /* LaunchScreen.storyboard */,
				9C9851222A3F011A00404469 /* Info.plist */,
			);
			path = "GitHUB 2";
			sourceTree = "<group>";
		};
		9C98512A2A3F011B00404469 /* GitHUB 2Tests */ = {
			isa = PBXGroup;
			children = (
				9C98512B2A3F011B00404469 /* GitHUB_2Tests.swift */,
			);
			path = "GitHUB 2Tests";
			sourceTree = "<group>";
		};
		9C9851342A3F011B00404469 /* GitHUB 2UITests */ = {
			isa = PBXGroup;
			children = (
				9C9851352A3F011B00404469 /* GitHUB_2UITests.swift */,
				9C9851372A3F011B00404469 /* GitHUB_2UITestsLaunchTests.swift */,
			);
			path = "GitHUB 2UITests";
			sourceTree = "<group>";
		};
/* End PBXGroup section */

/* Begin PBXNativeTarget section */
		9C9851102A3F011900404469 /* GitHUB 2 */ = {
			isa = PBXNativeTarget;
			buildConfigurationList = 9C98513B2A3F011B00404469 /* Build configuration list for PBXNativeTarget "GitHUB 2" */;
			buildPhases = (
				9C98510D2A3F011900404469 /* Sources */,
				9C98510E2A3F011900404469 /* Frameworks */,
				9C98510F2A3F011900404469 /* Resources */,
			);
			buildRules = (
			);
			dependencies = (
			);
			name = "GitHUB 2";
			productName = "GitHUB 2";
			productReference = 9C9851112A3F011900404469 /* GitHUB 2.app */;
			productType = "com.apple.product-type.application";
		};
		9C9851262A3F011B00404469 /* GitHUB 2Tests */ = {
			isa = PBXNativeTarget;
			buildConfigurationList = 9C98513E2A3F011B00404469 /* Build configuration list for PBXNativeTarget "GitHUB 2Tests" */;
			buildPhases = (
				9C9851232A3F011B00404469 /* Sources */,
				9C9851242A3F011B00404469 /* Frameworks */,
				9C9851252A3F011B00404469 /* Resources */,
			);
			buildRules = (
			);
			dependencies = (
				9C9851292A3F011B00404469 /* PBXTargetDependency */,
			);
			name = "GitHUB 2Tests";
			productName = "GitHUB 2Tests";
			productReference = 9C9851272A3F011B00404469 /* GitHUB 2Tests.xctest */;
			productType = "com.apple.product-type.bundle.unit-test";
		};
		9C9851302A3F011B00404469 /* GitHUB 2UITests */ = {
			isa = PBXNativeTarget;
			buildConfigurationList = 9C9851412A3F011B00404469 /* Build configuration list for PBXNativeTarget "GitHUB 2UITests" */;
			buildPhases = (
				9C98512D2A3F011B00404469 /* Sources */,
				9C98512E2A3F011B00404469 /* Frameworks */,
				9C98512F2A3F011B00404469 /* Resources */,
			);
			buildRules = (
			);
			dependencies = (
				9C9851332A3F011B00404469 /* PBXTargetDependency */,
			);
			name = "GitHUB 2UITests";
			productName = "GitHUB 2UITests";
			productReference = 9C9851312A3F011B00404469 /* GitHUB 2UITests.xctest */;
			productType = "com.apple.product-type.bundle.ui-testing";
		};
/* End PBXNativeTarget section */

/* Begin PBXProject section */
		9C9851092A3F011900404469 /* Project object */ = {
			isa = PBXProject;
			attributes = {
				BuildIndependentTargetsInParallel = 1;
				LastSwiftUpdateCheck = 1420;
				LastUpgradeCheck = 1420;
				TargetAttributes = {
					9C9851102A3F011900404469 = {
						CreatedOnToolsVersion = 14.2;
					};
					9C9851262A3F011B00404469 = {
						CreatedOnToolsVersion = 14.2;
						TestTargetID = 9C9851102A3F011900404469;
					};
					9C9851302A3F011B00404469 = {
						CreatedOnToolsVersion = 14.2;
						TestTargetID = 9C9851102A3F011900404469;
					};
				};
			};
			buildConfigurationList = 9C98510C2A3F011900404469 /* Build configuration list for PBXProject "GitHUB 2" */;
			compatibilityVersion = "Xcode 14.0";
			developmentRegion = en;
			hasScannedForEncodings = 0;
			knownRegions = (
				en,
				Base,
			);
			mainGroup = 9C9851082A3F011900404469;
			productRefGroup = 9C9851122A3F011900404469 /* Products */;
			projectDirPath = "";
			projectRoot = "";
			targets = (
				9C9851102A3F011900404469 /* GitHUB 2 */,
				9C9851262A3F011B00404469 /* GitHUB 2Tests */,
				9C9851302A3F011B00404469 /* GitHUB 2UITests */,
			);
		};
/* End PBXProject section */

/* Begin PBXResourcesBuildPhase section */
		9C98510F2A3F011900404469 /* Resources */ = {
			isa = PBXResourcesBuildPhase;
			buildActionMask = 2147483647;
			files = (
				9C9851212A3F011A00404469 /* LaunchScreen.storyboard in Resources */,
				9C98511E2A3F011A00404469 /* Assets.xcassets in Resources */,
				9C98511C2A3F011900404469 /* Main.storyboard in Resources */,
			);
			runOnlyForDeploymentPostprocessing = 0;
		};
		9C9851252A3F011B00404469 /* Resources */ = {
			isa = PBXResourcesBuildPhase;
			buildActionMask = 2147483647;
			files = (
			);
			runOnlyForDeploymentPostprocessing = 0;
		};
		9C98512F2A3F011B00404469 /* Resources */ = {
			isa = PBXResourcesBuildPhase;
			buildActionMask = 2147483647;
			files = (
			);
			runOnlyForDeploymentPostprocessing = 0;
		};
/* End PBXResourcesBuildPhase section */

/* Begin PBXSourcesBuildPhase section */
		9C98510D2A3F011900404469 /* Sources */ = {
			isa = PBXSourcesBuildPhase;
			buildActionMask = 2147483647;
			files = (
				9C9851192A3F011900404469 /* ViewController.swift in Sources */,
				9C9851152A3F011900404469 /* AppDelegate.swift in Sources */,
				9C9851172A3F011900404469 /* SceneDelegate.swift in Sources */,
			);
			runOnlyForDeploymentPostprocessing = 0;
		};
		9C9851232A3F011B00404469 /* Sources */ = {
			isa = PBXSourcesBuildPhase;
			buildActionMask = 2147483647;
			files = (
				9C98512C2A3F011B00404469 /* GitHUB_2Tests.swift in Sources */,
			);
			runOnlyForDeploymentPostprocessing = 0;
		};
		9C98512D2A3F011B00404469 /* Sources */ = {
			isa = PBXSourcesBuildPhase;
			buildActionMask = 2147483647;
			files = (
				9C9851382A3F011B00404469 /* GitHUB_2UITestsLaunchTests.swift in Sources */,
				9C9851362A3F011B00404469 /* GitHUB_2UITests.swift in Sources */,
			);
			runOnlyForDeploymentPostprocessing = 0;
		};
/* End PBXSourcesBuildPhase section */

/* Begin PBXTargetDependency section */
		9C9851292A3F011B00404469 /* PBXTargetDependency */ = {
			isa = PBXTargetDependency;
			target = 9C9851102A3F011900404469 /* GitHUB 2 */;
			targetProxy = 9C9851282A3F011B00404469 /* PBXContainerItemProxy */;
		};
		9C9851332A3F011B00404469 /* PBXTargetDependency */ = {
			isa = PBXTargetDependency;
			target = 9C9851102A3F011900404469 /* GitHUB 2 */;
			targetProxy = 9C9851322A3F011B00404469 /* PBXContainerItemProxy */;
		};
/* End PBXTargetDependency section */

/* Begin PBXVariantGroup section */
		9C98511A2A3F011900404469 /* Main.storyboard */ = {
			isa = PBXVariantGroup;
			children = (
				9C98511B2A3F011900404469 /* Base */,
			);
			name = Main.storyboard;
			sourceTree = "<group>";
		};
		9C98511F2A3F011A00404469 /* LaunchScreen.storyboard */ = {
			isa = PBXVariantGroup;
			children = (
				9C9851202A3F011A00404469 /* Base */,
			);
			name = LaunchScreen.storyboard;
			sourceTree = "<group>";
		};
/* End PBXVariantGroup section */

/* Begin XCBuildConfiguration section */
		9C9851392A3F011B00404469 /* Debug */ = {
			isa = XCBuildConfiguration;
			buildSettings = {
				ALWAYS_SEARCH_USER_PATHS = NO;
				CLANG_ANALYZER_NONNULL = YES;
				CLANG_ANALYZER_NUMBER_OBJECT_CONVERSION = YES_AGGRESSIVE;
				CLANG_CXX_LANGUAGE_STANDARD = "gnu++20";
				CLANG_ENABLE_MODULES = YES;
				CLANG_ENABLE_OBJC_ARC = YES;
				CLANG_ENABLE_OBJC_WEAK = YES;
				CLANG_WARN_BLOCK_CAPTURE_AUTORELEASING = YES;
				CLANG_WARN_BOOL_CONVERSION = YES;
				CLANG_WARN_COMMA = YES;
				CLANG_WARN_CONSTANT_CONVERSION = YES;
				CLANG_WARN_DEPRECATED_OBJC_IMPLEMENTATIONS = YES;
				CLANG_WARN_DIRECT_OBJC_ISA_USAGE = YES_ERROR;
				CLANG_WARN_DOCUMENTATION_COMMENTS = YES;
				CLANG_WARN_EMPTY_BODY = YES;
				CLANG_WARN_ENUM_CONVERSION = YES;
				CLANG_WARN_INFINITE_RECURSION = YES;
				CLANG_WARN_INT_CONVERSION = YES;
				CLANG_WARN_NON_LITERAL_NULL_CONVERSION = YES;
				CLANG_WARN_OBJC_IMPLICIT_RETAIN_SELF = YES;
				CLANG_WARN_OBJC_LITERAL_CONVERSION = YES;
				CLANG_WARN_OBJC_ROOT_CLASS = YES_ERROR;
				CLANG_WARN_QUOTED_INCLUDE_IN_FRAMEWORK_HEADER = YES;
				CLANG_WARN_RANGE_LOOP_ANALYSIS = YES;
				CLANG_WARN_STRICT_PROTOTYPES = YES;
				CLANG_WARN_SUSPICIOUS_MOVE = YES;
				CLANG_WARN_UNGUARDED_AVAILABILITY = YES_AGGRESSIVE;
				CLANG_WARN_UNREACHABLE_CODE = YES;
				CLANG_WARN__DUPLICATE_METHOD_MATCH = YES;
				COPY_PHASE_STRIP = NO;
				DEBUG_INFORMATION_FORMAT = dwarf;
				ENABLE_STRICT_OBJC_MSGSEND = YES;
				ENABLE_TESTABILITY = YES;
				GCC_C_LANGUAGE_STANDARD = gnu11;
				GCC_DYNAMIC_NO_PIC = NO;
				GCC_NO_COMMON_BLOCKS = YES;
				GCC_OPTIMIZATION_LEVEL = 0;
				GCC_PREPROCESSOR_DEFINITIONS = (
					"DEBUG=1",
					"$(inherited)",
				);
				GCC_WARN_64_TO_32_BIT_CONVERSION = YES;
				GCC_WARN_ABOUT_RETURN_TYPE = YES_ERROR;
				GCC_WARN_UNDECLARED_SELECTOR = YES;
				GCC_WARN_UNINITIALIZED_AUTOS = YES_AGGRESSIVE;
				GCC_WARN_UNUSED_FUNCTION = YES;
				GCC_WARN_UNUSED_VARIABLE = YES;
				IPHONEOS_DEPLOYMENT_TARGET = 16.2;
				MTL_ENABLE_DEBUG_INFO = INCLUDE_SOURCE;
				MTL_FAST_MATH = YES;
				ONLY_ACTIVE_ARCH = YES;
				SDKROOT = iphoneos;
				SWIFT_ACTIVE_COMPILATION_CONDITIONS = DEBUG;
				SWIFT_OPTIMIZATION_LEVEL = "-Onone";
			};
			name = Debug;
		};
		9C98513A2A3F011B00404469 /* Release */ = {
			isa = XCBuildConfiguration;
			buildSettings = {
				ALWAYS_SEARCH_USER_PATHS = NO;
				CLANG_ANALYZER_NONNULL = YES;
				CLANG_ANALYZER_NUMBER_OBJECT_CONVERSION = YES_AGGRESSIVE;
				CLANG_CXX_LANGUAGE_STANDARD = "gnu++20";
				CLANG_ENABLE_MODULES = YES;
				CLANG_ENABLE_OBJC_ARC = YES;
				CLANG_ENABLE_OBJC_WEAK = YES;
				CLANG_WARN_BLOCK_CAPTURE_AUTORELEASING = YES;
				CLANG_WARN_BOOL_CONVERSION = YES;
				CLANG_WARN_COMMA = YES;
				CLANG_WARN_CONSTANT_CONVERSION = YES;
				CLANG_WARN_DEPRECATED_OBJC_IMPLEMENTATIONS = YES;
				CLANG_WARN_DIRECT_OBJC_ISA_USAGE = YES_ERROR;
				CLANG_WARN_DOCUMENTATION_COMMENTS = YES;
				CLANG_WARN_EMPTY_BODY = YES;
				CLANG_WARN_ENUM_CONVERSION = YES;
				CLANG_WARN_INFINITE_RECURSION = YES;
				CLANG_WARN_INT_CONVERSION = YES;
				CLANG_WARN_NON_LITERAL_NULL_CONVERSION = YES;
				CLANG_WARN_OBJC_IMPLICIT_RETAIN_SELF = YES;
				CLANG_WARN_OBJC_LITERAL_CONVERSION = YES;
				CLANG_WARN_OBJC_ROOT_CLASS = YES_ERROR;
				CLANG_WARN_QUOTED_INCLUDE_IN_FRAMEWORK_HEADER = YES;
				CLANG_WARN_RANGE_LOOP_ANALYSIS = YES;
				CLANG_WARN_STRICT_PROTOTYPES = YES;
				CLANG_WARN_SUSPICIOUS_MOVE = YES;
				CLANG_WARN_UNGUARDED_AVAILABILITY = YES_AGGRESSIVE;
				CLANG_WARN_UNREACHABLE_CODE = YES;
				CLANG_WARN__DUPLICATE_METHOD_MATCH = YES;
				COPY_PHASE_STRIP = NO;
				DEBUG_INFORMATION_FORMAT = "dwarf-with-dsym";
				ENABLE_NS_ASSERTIONS = NO;
				ENABLE_STRICT_OBJC_MSGSEND = YES;
				GCC_C_LANGUAGE_STANDARD = gnu11;
				GCC_NO_COMMON_BLOCKS = YES;
				GCC_WARN_64_TO_32_BIT_CONVERSION = YES;
				GCC_WARN_ABOUT_RETURN_TYPE = YES_ERROR;
				GCC_WARN_UNDECLARED_SELECTOR = YES;
				GCC_WARN_UNINITIALIZED_AUTOS = YES_AGGRESSIVE;
				GCC_WARN_UNUSED_FUNCTION = YES;
				GCC_WARN_UNUSED_VARIABLE = YES;
				IPHONEOS_DEPLOYMENT_TARGET = 16.2;
				MTL_ENABLE_DEBUG_INFO = NO;
				MTL_FAST_MATH = YES;
				SDKROOT = iphoneos;
				SWIFT_COMPILATION_MODE = wholemodule;
				SWIFT_OPTIMIZATION_LEVEL = "-O";
				VALIDATE_PRODUCT = YES;
			};
			name = Release;
		};
		9C98513C2A3F011B00404469 /* Debug */ = {
			isa = XCBuildConfiguration;
			buildSettings = {
				ASSETCATALOG_COMPILER_APPICON_NAME = AppIcon;
				ASSETCATALOG_COMPILER_GLOBAL_ACCENT_COLOR_NAME = AccentColor;
				CODE_SIGN_STYLE = Automatic;
				CURRENT_PROJECT_VERSION = 1;
				DEVELOPMENT_TEAM = JD3MX6K8P9;
				GENERATE_INFOPLIST_FILE = YES;
				INFOPLIST_FILE = "GitHUB 2/Info.plist";
				INFOPLIST_KEY_UIApplicationSupportsIndirectInputEvents = YES;
				INFOPLIST_KEY_UILaunchStoryboardName = LaunchScreen;
				INFOPLIST_KEY_UIMainStoryboardFile = Main;
				INFOPLIST_KEY_UISupportedInterfaceOrientations_iPad = "UIInterfaceOrientationPortrait UIInterfaceOrientationPortraitUpsideDown UIInterfaceOrientationLandscapeLeft UIInterfaceOrientationLandscapeRight";
				INFOPLIST_KEY_UISupportedInterfaceOrientations_iPhone = "UIInterfaceOrientationPortrait UIInterfaceOrientationLandscapeLeft UIInterfaceOrientationLandscapeRight";
				LD_RUNPATH_SEARCH_PATHS = (
					"$(inherited)",
					"@executable_path/Frameworks",
				);
				MARKETING_VERSION = 1.0;
				PRODUCT_BUNDLE_IDENTIFIER = "com.adwik.GitHUB-2";
				PRODUCT_NAME = "$(TARGET_NAME)";
				SWIFT_EMIT_LOC_STRINGS = YES;
				SWIFT_VERSION = 5.0;
				TARGETED_DEVICE_FAMILY = "1,2";
			};
			name = Debug;
		};
		9C98513D2A3F011B00404469 /* Release */ = {
			isa = XCBuildConfiguration;
			buildSettings = {
				ASSETCATALOG_COMPILER_APPICON_NAME = AppIcon;
				ASSETCATALOG_COMPILER_GLOBAL_ACCENT_COLOR_NAME = AccentColor;
				CODE_SIGN_STYLE = Automatic;
				CURRENT_PROJECT_VERSION = 1;
				DEVELOPMENT_TEAM = JD3MX6K8P9;
				GENERATE_INFOPLIST_FILE = YES;
				INFOPLIST_FILE = "GitHUB 2/Info.plist";
				INFOPLIST_KEY_UIApplicationSupportsIndirectInputEvents = YES;
				INFOPLIST_KEY_UILaunchStoryboardName = LaunchScreen;
				INFOPLIST_KEY_UIMainStoryboardFile = Main;
				INFOPLIST_KEY_UISupportedInterfaceOrientations_iPad = "UIInterfaceOrientationPortrait UIInterfaceOrientationPortraitUpsideDown UIInterfaceOrientationLandscapeLeft UIInterfaceOrientationLandscapeRight";
				INFOPLIST_KEY_UISupportedInterfaceOrientations_iPhone = "UIInterfaceOrientationPortrait UIInterfaceOrientationLandscapeLeft UIInterfaceOrientationLandscapeRight";
				LD_RUNPATH_SEARCH_PATHS = (
					"$(inherited)",
					"@executable_path/Frameworks",
				);
				MARKETING_VERSION = 1.0;
				PRODUCT_BUNDLE_IDENTIFIER = "com.adwik.GitHUB-2";
				PRODUCT_NAME = "$(TARGET_NAME)";
				SWIFT_EMIT_LOC_STRINGS = YES;
				SWIFT_VERSION = 5.0;
				TARGETED_DEVICE_FAMILY = "1,2";
			};
			name = Release;
		};
		9C98513F2A3F011B00404469 /* Debug */ = {
			isa = XCBuildConfiguration;
			buildSettings = {
				ALWAYS_EMBED_SWIFT_STANDARD_LIBRARIES = YES;
				BUNDLE_LOADER = "$(TEST_HOST)";
				CODE_SIGN_STYLE = Automatic;
				CURRENT_PROJECT_VERSION = 1;
				DEVELOPMENT_TEAM = JD3MX6K8P9;
				GENERATE_INFOPLIST_FILE = YES;
				IPHONEOS_DEPLOYMENT_TARGET = 16.2;
				MARKETING_VERSION = 1.0;
				PRODUCT_BUNDLE_IDENTIFIER = "com.adwik.GitHUB-2Tests";
				PRODUCT_NAME = "$(TARGET_NAME)";
				SWIFT_EMIT_LOC_STRINGS = NO;
				SWIFT_VERSION = 5.0;
				TARGETED_DEVICE_FAMILY = "1,2";
				TEST_HOST = "$(BUILT_PRODUCTS_DIR)/GitHUB 2.app/$(BUNDLE_EXECUTABLE_FOLDER_PATH)/GitHUB 2";
			};
			name = Debug;
		};
		9C9851402A3F011B00404469 /* Release */ = {
			isa = XCBuildConfiguration;
			buildSettings = {
				ALWAYS_EMBED_SWIFT_STANDARD_LIBRARIES = YES;
				BUNDLE_LOADER = "$(TEST_HOST)";
				CODE_SIGN_STYLE = Automatic;
				CURRENT_PROJECT_VERSION = 1;
				DEVELOPMENT_TEAM = JD3MX6K8P9;
				GENERATE_INFOPLIST_FILE = YES;
				IPHONEOS_DEPLOYMENT_TARGET = 16.2;
				MARKETING_VERSION = 1.0;
				PRODUCT_BUNDLE_IDENTIFIER = "com.adwik.GitHUB-2Tests";
				PRODUCT_NAME = "$(TARGET_NAME)";
				SWIFT_EMIT_LOC_STRINGS = NO;
				SWIFT_VERSION = 5.0;
				TARGETED_DEVICE_FAMILY = "1,2";
				TEST_HOST = "$(BUILT_PRODUCTS_DIR)/GitHUB 2.app/$(BUNDLE_EXECUTABLE_FOLDER_PATH)/GitHUB 2";
			};
			name = Release;
		};
		9C9851422A3F011B00404469 /* Debug */ = {
			isa = XCBuildConfiguration;
			buildSettings = {
				ALWAYS_EMBED_SWIFT_STANDARD_LIBRARIES = YES;
				CODE_SIGN_STYLE = Automatic;
				CURRENT_PROJECT_VERSION = 1;
				DEVELOPMENT_TEAM = JD3MX6K8P9;
				GENERATE_INFOPLIST_FILE = YES;
				MARKETING_VERSION = 1.0;
				PRODUCT_BUNDLE_IDENTIFIER = "com.adwik.GitHUB-2UITests";
				PRODUCT_NAME = "$(TARGET_NAME)";
				SWIFT_EMIT_LOC_STRINGS = NO;
				SWIFT_VERSION = 5.0;
				TARGETED_DEVICE_FAMILY = "1,2";
				TEST_TARGET_NAME = "GitHUB 2";
			};
			name = Debug;
		};
		9C9851432A3F011B00404469 /* Release */ = {
			isa = XCBuildConfiguration;
			buildSettings = {
				ALWAYS_EMBED_SWIFT_STANDARD_LIBRARIES = YES;
				CODE_SIGN_STYLE = Automatic;
				CURRENT_PROJECT_VERSION = 1;
				DEVELOPMENT_TEAM = JD3MX6K8P9;
				GENERATE_INFOPLIST_FILE = YES;
				MARKETING_VERSION = 1.0;
				PRODUCT_BUNDLE_IDENTIFIER = "com.adwik.GitHUB-2UITests";
				PRODUCT_NAME = "$(TARGET_NAME)";
				SWIFT_EMIT_LOC_STRINGS = NO;
				SWIFT_VERSION = 5.0;
				TARGETED_DEVICE_FAMILY = "1,2";
				TEST_TARGET_NAME = "GitHUB 2";
			};
			name = Release;
		};
/* End XCBuildConfiguration section */

/* Begin XCConfigurationList section */
		9C98510C2A3F011900404469 /* Build configuration list for PBXProject "GitHUB 2" */ = {
			isa = XCConfigurationList;
			buildConfigurations = (
				9C9851392A3F011B00404469 /* Debug */,
				9C98513A2A3F011B00404469 /* Release */,
			);
			defaultConfigurationIsVisible = 0;
			defaultConfigurationName = Release;
		};
		9C98513B2A3F011B00404469 /* Build configuration list for PBXNativeTarget "GitHUB 2" */ = {
			isa = XCConfigurationList;
			buildConfigurations = (
				9C98513C2A3F011B00404469 /* Debug */,
				9C98513D2A3F011B00404469 /* Release */,
			);
			defaultConfigurationIsVisible = 0;
			defaultConfigurationName = Release;
		};
		9C98513E2A3F011B00404469 /* Build configuration list for PBXNativeTarget "GitHUB 2Tests" */ = {
			isa = XCConfigurationList;
			buildConfigurations = (
				9C98513F2A3F011B00404469 /* Debug */,
				9C9851402A3F011B00404469 /* Release */,
			);
			defaultConfigurationIsVisible = 0;
			defaultConfigurationName = Release;
		};
		9C9851412A3F011B00404469 /* Build configuration list for PBXNativeTarget "GitHUB 2UITests" */ = {
			isa = XCConfigurationList;
			buildConfigurations = (
				9C9851422A3F011B00404469 /* Debug */,
				9C9851432A3F011B00404469 /* Release */,
			);
			defaultConfigurationIsVisible = 0;
			defaultConfigurationName = Release;
		};
/* End XCConfigurationList section */
	};
	rootObject = 9C9851092A3F011900404469 /* Project object */;
}
